
Microsoft Visual Studio Solution File, Format Version 12.00
# Visual Studio Version 16
VisualStudioVersion = 16.0.31424.327
MinimumVisualStudioVersion = 10.0.40219.1
Project("{FAE04EC0-301F-11D3-BF4B-00C04F79EFBC}") = "SQlite.WF", "SQlite.WF.csproj", "{CEE9863E-5FD9-42D4-BC69-37E5B50A68C3}"
EndProject
Global
	GlobalSection(SolutionConfigurationPlatforms) = preSolution
		Debug|Any CPU = Debug|Any CPU
		Release|Any CPU = Release|Any CPU
	EndGlobalSection
	GlobalSection(ProjectConfigurationPlatforms) = postSolution
		{CEE9863E-5FD9-42D4-BC69-37E5B50A68C3}.Debug|Any CPU.ActiveCfg = Debug|Any CPU
		{CEE9863E-5FD9-42D4-BC69-37E5B50A68C3}.Debug|Any CPU.Build.0 = Debug|Any CPU
		{CEE9863E-5FD9-42D4-BC69-37E5B50A68C3}.Release|Any CPU.ActiveCfg = Release|Any CPU
		{CEE9863E-5FD9-42D4-BC69-37E5B50A68C3}.Release|Any CPU.Build.0 = Release|Any CPU
	EndGlobalSection
	GlobalSection(SolutionProperties) = preSolution
		HideSolutionNode = FALSE
	EndGlobalSection
	GlobalSection(ExtensibilityGlobals) = postSolution
		SolutionGuid = {838C0644-DF15-4BFA-AFE1-097F496A6237}
	EndGlobalSection
EndGlobal
